
Microsoft Visual Studio Solution File, Format Version 12.00
# Visual Studio Version 17
VisualStudioVersion = 17.4.33213.308
MinimumVisualStudioVersion = 10.0.40219.1
Project("{FAE04EC0-301F-11D3-BF4B-00C04F79EFBC}") = "Week2", "Week2\Week2.csproj", "{FDA13539-80B0-4743-9C3C-FF0B300554EE}"
EndProject
Project("{FAE04EC0-301F-11D3-BF4B-00C04F79EFBC}") = "UserGenderValidation", "UserAgeValidation\UserGenderValidation.csproj", "{26DC1618-A812-49A7-BD96-DB323FAC8A99}"
EndProject
Project("{FAE04EC0-301F-11D3-BF4B-00C04F79EFBC}") = "UserAgeValidation2", "UserAgeValidation2\UserAgeValidation2.csproj", "{2CBF6A4C-82CD-4A2B-8E33-CDFA94221639}"
EndProject
Global
	GlobalSection(SolutionConfigurationPlatforms) = preSolution
		Debug|Any CPU = Debug|Any CPU
		Release|Any CPU = Release|Any CPU
	EndGlobalSection
	GlobalSection(ProjectConfigurationPlatforms) = postSolution
		{FDA13539-80B0-4743-9C3C-FF0B300554EE}.Debug|Any CPU.ActiveCfg = Debug|Any CPU
		{FDA13539-80B0-4743-9C3C-FF0B300554EE}.Debug|Any CPU.Build.0 = Debug|Any CPU
		{FDA13539-80B0-4743-9C3C-FF0B300554EE}.Release|Any CPU.ActiveCfg = Release|Any CPU
		{FDA13539-80B0-4743-9C3C-FF0B300554EE}.Release|Any CPU.Build.0 = Release|Any CPU
		{26DC1618-A812-49A7-BD96-DB323FAC8A99}.Debug|Any CPU.ActiveCfg = Debug|Any CPU
		{26DC1618-A812-49A7-BD96-DB323FAC8A99}.Debug|Any CPU.Build.0 = Debug|Any CPU
		{26DC1618-A812-49A7-BD96-DB323FAC8A99}.Release|Any CPU.ActiveCfg = Release|Any CPU
		{26DC1618-A812-49A7-BD96-DB323FAC8A99}.Release|Any CPU.Build.0 = Release|Any CPU
		{2CBF6A4C-82CD-4A2B-8E33-CDFA94221639}.Debug|Any CPU.ActiveCfg = Debug|Any CPU
		{2CBF6A4C-82CD-4A2B-8E33-CDFA94221639}.Debug|Any CPU.Build.0 = Debug|Any CPU
		{2CBF6A4C-82CD-4A2B-8E33-CDFA94221639}.Release|Any CPU.ActiveCfg = Release|Any CPU
		{2CBF6A4C-82CD-4A2B-8E33-CDFA94221639}.Release|Any CPU.Build.0 = Release|Any CPU
	EndGlobalSection
	GlobalSection(SolutionProperties) = preSolution
		HideSolutionNode = FALSE
	EndGlobalSection
	GlobalSection(ExtensibilityGlobals) = postSolution
		SolutionGuid = {5A7A606C-FA59-411A-AC1D-C0434EC51B88}
	EndGlobalSection
EndGlobal
